// !$*UTF8*$!
{
	archiveVersion = 1;
	classes = {
	};
	objectVersion = 46;
	objects = {

/* Begin PBXBuildFile section */
		4CE9D6B01802BCEA774C5FFF /* Pods_A2ZLearn.framework in Frameworks */ = {isa = PBXBuildFile; fileRef = 20E3C8758A0494CA5C469111 /* Pods_A2ZLearn.framework */; };
		6624CA7A225F87BE0016D574 /* AppDelegate.swift in Sources */ = {isa = PBXBuildFile; fileRef = 6624CA79225F87BE0016D574 /* AppDelegate.swift */; };
		6624CA7C225F87BE0016D574 /* ViewController.swift in Sources */ = {isa = PBXBuildFile; fileRef = 6624CA7B225F87BE0016D574 /* ViewController.swift */; };
		6624CA7F225F87BE0016D574 /* Main.storyboard in Resources */ = {isa = PBXBuildFile; fileRef = 6624CA7D225F87BE0016D574 /* Main.storyboard */; };
		6624CA81225F87BE0016D574 /* Assets.xcassets in Resources */ = {isa = PBXBuildFile; fileRef = 6624CA80225F87BE0016D574 /* Assets.xcassets */; };
		6624CA84225F87BE0016D574 /* LaunchScreen.storyboard in Resources */ = {isa = PBXBuildFile; fileRef = 6624CA82225F87BE0016D574 /* LaunchScreen.storyboard */; };
		66831347225F8EB00044CDD0 /* LearnAToZViewController.swift in Sources */ = {isa = PBXBuildFile; fileRef = 66831346225F8EB00044CDD0 /* LearnAToZViewController.swift */; };
		BC8F73ED22607BB800CC61D5 /* AVFoundation.framework in Frameworks */ = {isa = PBXBuildFile; fileRef = BC8F73EC22607BB800CC61D5 /* AVFoundation.framework */; };
/* End PBXBuildFile section */

/* Begin PBXFileReference section */
		1FA008D35DA13AB38957613C /* Pods-A2ZLearn.release.xcconfig */ = {isa = PBXFileReference; includeInIndex = 1; lastKnownFileType = text.xcconfig; name = "Pods-A2ZLearn.release.xcconfig"; path = "Pods/Target Support Files/Pods-A2ZLearn/Pods-A2ZLearn.release.xcconfig"; sourceTree = "<group>"; };
		20E3C8758A0494CA5C469111 /* Pods_A2ZLearn.framework */ = {isa = PBXFileReference; explicitFileType = wrapper.framework; includeInIndex = 0; path = Pods_A2ZLearn.framework; sourceTree = BUILT_PRODUCTS_DIR; };
		24112DFEDE129091B9676122 /* Pods-A2ZLearn.debug.xcconfig */ = {isa = PBXFileReference; includeInIndex = 1; lastKnownFileType = text.xcconfig; name = "Pods-A2ZLearn.debug.xcconfig"; path = "Pods/Target Support Files/Pods-A2ZLearn/Pods-A2ZLearn.debug.xcconfig"; sourceTree = "<group>"; };
		6624CA76225F87BE0016D574 /* A2ZLearn.app */ = {isa = PBXFileReference; explicitFileType = wrapper.application; includeInIndex = 0; path = A2ZLearn.app; sourceTree = BUILT_PRODUCTS_DIR; };
		6624CA79225F87BE0016D574 /* AppDelegate.swift */ = {isa = PBXFileReference; lastKnownFileType = sourcecode.swift; path = AppDelegate.swift; sourceTree = "<group>"; };
		6624CA7B225F87BE0016D574 /* ViewController.swift */ = {isa = PBXFileReference; lastKnownFileType = sourcecode.swift; path = ViewController.swift; sourceTree = "<group>"; };
		6624CA7E225F87BE0016D574 /* Base */ = {isa = PBXFileReference; lastKnownFileType = file.storyboard; name = Base; path = Base.lproj/Main.storyboard; sourceTree = "<group>"; };
		6624CA80225F87BE0016D574 /* Assets.xcassets */ = {isa = PBXFileReference; lastKnownFileType = folder.assetcatalog; path = Assets.xcassets; sourceTree = "<group>"; };
		6624CA83225F87BE0016D574 /* Base */ = {isa = PBXFileReference; lastKnownFileType = file.storyboard; name = Base; path = Base.lproj/LaunchScreen.storyboard; sourceTree = "<group>"; };
		6624CA85225F87BE0016D574 /* Info.plist */ = {isa = PBXFileReference; lastKnownFileType = text.plist.xml; path = Info.plist; sourceTree = "<group>"; };
		66831346225F8EB00044CDD0 /* LearnAToZViewController.swift */ = {isa = PBXFileReference; lastKnownFileType = sourcecode.swift; path = LearnAToZViewController.swift; sourceTree = "<group>"; };
		BC8F73EC22607BB800CC61D5 /* AVFoundation.framework */ = {isa = PBXFileReference; lastKnownFileType = wrapper.framework; name = AVFoundation.framework; path = System/Library/Frameworks/AVFoundation.framework; sourceTree = SDKROOT; };
/* End PBXFileReference section */

/* Begin PBXFrameworksBuildPhase section */
		6624CA73225F87BE0016D574 /* Frameworks */ = {
			isa = PBXFrameworksBuildPhase;
			buildActionMask = 2147483647;
			files = (
				BC8F73ED22607BB800CC61D5 /* AVFoundation.framework in Frameworks */,
				4CE9D6B01802BCEA774C5FFF /* Pods_A2ZLearn.framework in Frameworks */,
			);
			runOnlyForDeploymentPostprocessing = 0;
		};
/* End PBXFrameworksBuildPhase section */

/* Begin PBXGroup section */
		4177AF4CD0E0C3441835D1E3 /* Frameworks */ = {
			isa = PBXGroup;
			children = (
				BC8F73EC22607BB800CC61D5 /* AVFoundation.framework */,
				20E3C8758A0494CA5C469111 /* Pods_A2ZLearn.framework */,
			);
			name = Frameworks;
			sourceTree = "<group>";
		};
		6624CA6D225F87BE0016D574 = {
			isa = PBXGroup;
			children = (
				6624CA78225F87BE0016D574 /* A2ZLearn */,
				6624CA77225F87BE0016D574 /* Products */,
				C56F777E29845664B58B9944 /* Pods */,
				4177AF4CD0E0C3441835D1E3 /* Frameworks */,
			);
			sourceTree = "<group>";
		};
		6624CA77225F87BE0016D574 /* Products */ = {
			isa = PBXGroup;
			children = (
				6624CA76225F87BE0016D574 /* A2ZLearn.app */,
			);
			name = Products;
			sourceTree = "<group>";
		};
		6624CA78225F87BE0016D574 /* A2ZLearn */ = {
			isa = PBXGroup;
			children = (
				66831343225F89CA0044CDD0 /* ViewControllers */,
				66831345225F8A100044CDD0 /* Views */,
				6624CA80225F87BE0016D574 /* Assets.xcassets */,
				6624CA82225F87BE0016D574 /* LaunchScreen.storyboard */,
				6624CA85225F87BE0016D574 /* Info.plist */,
			);
			path = A2ZLearn;
			sourceTree = "<group>";
		};
		66831343225F89CA0044CDD0 /* ViewControllers */ = {
			isa = PBXGroup;
			children = (
				6624CA79225F87BE0016D574 /* AppDelegate.swift */,
				6624CA7B225F87BE0016D574 /* ViewController.swift */,
				66831346225F8EB00044CDD0 /* LearnAToZViewController.swift */,
			);
			path = ViewControllers;
			sourceTree = "<group>";
		};
		66831345225F8A100044CDD0 /* Views */ = {
			isa = PBXGroup;
			children = (
				6624CA7D225F87BE0016D574 /* Main.storyboard */,
			);
			path = Views;
			sourceTree = "<group>";
		};
		C56F777E29845664B58B9944 /* Pods */ = {
			isa = PBXGroup;
			children = (
				24112DFEDE129091B9676122 /* Pods-A2ZLearn.debug.xcconfig */,
				1FA008D35DA13AB38957613C /* Pods-A2ZLearn.release.xcconfig */,
			);
			name = Pods;
			sourceTree = "<group>";
		};
/* End PBXGroup section */

/* Begin PBXNativeTarget section */
		6624CA75225F87BE0016D574 /* A2ZLearn */ = {
			isa = PBXNativeTarget;
			buildConfigurationList = 6624CA88225F87BE0016D574 /* Build configuration list for PBXNativeTarget "A2ZLearn" */;
			buildPhases = (
				781480463D2AC101DCB4C0E1 /* [CP] Check Pods Manifest.lock */,
				6624CA72225F87BE0016D574 /* Sources */,
				6624CA73225F87BE0016D574 /* Frameworks */,
				6624CA74225F87BE0016D574 /* Resources */,
				69F9A2450360C75A375D13FD /* [CP] Embed Pods Frameworks */,
			);
			buildRules = (
			);
			dependencies = (
			);
			name = A2ZLearn;
			productName = A2ZLearn;
			productReference = 6624CA76225F87BE0016D574 /* A2ZLearn.app */;
			productType = "com.apple.product-type.application";
		};
/* End PBXNativeTarget section */

/* Begin PBXProject section */
		6624CA6E225F87BE0016D574 /* Project object */ = {
			isa = PBXProject;
			attributes = {
				LastSwiftUpdateCheck = 0830;
				LastUpgradeCheck = 0830;
				ORGANIZATIONNAME = "sanjay kumar chaurasia";
				TargetAttributes = {
					6624CA75225F87BE0016D574 = {
						CreatedOnToolsVersion = 8.3.2;
						DevelopmentTeam = YRW658NCVU;
						ProvisioningStyle = Automatic;
					};
				};
			};
			buildConfigurationList = 6624CA71225F87BE0016D574 /* Build configuration list for PBXProject "A2ZLearn" */;
			compatibilityVersion = "Xcode 3.2";
			developmentRegion = English;
			hasScannedForEncodings = 0;
			knownRegions = (
				en,
				Base,
			);
			mainGroup = 6624CA6D225F87BE0016D574;
			productRefGroup = 6624CA77225F87BE0016D574 /* Products */;
			projectDirPath = "";
			projectRoot = "";
			targets = (
				6624CA75225F87BE0016D574 /* A2ZLearn */,
			);
		};
/* End PBXProject section */

/* Begin PBXResourcesBuildPhase section */
		6624CA74225F87BE0016D574 /* Resources */ = {
			isa = PBXResourcesBuildPhase;
			buildActionMask = 2147483647;
			files = (
				6624CA84225F87BE0016D574 /* LaunchScreen.storyboard in Resources */,
				6624CA81225F87BE0016D574 /* Assets.xcassets in Resources */,
				6624CA7F225F87BE0016D574 /* Main.storyboard in Resources */,
			);
			runOnlyForDeploymentPostprocessing = 0;
		};
/* End PBXResourcesBuildPhase section */

/* Begin PBXShellScriptBuildPhase section */
		69F9A2450360C75A375D13FD /* [CP] Embed Pods Frameworks */ = {
			isa = PBXShellScriptBuildPhase;
			buildActionMask = 2147483647;
			files = (
			);
			inputPaths = (
				"${SRCROOT}/Pods/Target Support Files/Pods-A2ZLearn/Pods-A2ZLearn-frameworks.sh",
				"${BUILT_PRODUCTS_DIR}/FSPagerView/FSPagerView.framework",
			);
			name = "[CP] Embed Pods Frameworks";
			outputPaths = (
				"${TARGET_BUILD_DIR}/${FRAMEWORKS_FOLDER_PATH}/FSPagerView.framework",
			);
			runOnlyForDeploymentPostprocessing = 0;
			shellPath = /bin/sh;
			shellScript = "\"${SRCROOT}/Pods/Target Support Files/Pods-A2ZLearn/Pods-A2ZLearn-frameworks.sh\"\n";
			showEnvVarsInLog = 0;
		};
		781480463D2AC101DCB4C0E1 /* [CP] Check Pods Manifest.lock */ = {
			isa = PBXShellScriptBuildPhase;
			buildActionMask = 2147483647;
			files = (
			);
			inputPaths = (
				"${PODS_PODFILE_DIR_PATH}/Podfile.lock",
				"${PODS_ROOT}/Manifest.lock",
			);
			name = "[CP] Check Pods Manifest.lock";
			outputPaths = (
				"$(DERIVED_FILE_DIR)/Pods-A2ZLearn-checkManifestLockResult.txt",
			);
			runOnlyForDeploymentPostprocessing = 0;
			shellPath = /bin/sh;
			shellScript = "diff \"${PODS_PODFILE_DIR_PATH}/Podfile.lock\" \"${PODS_ROOT}/Manifest.lock\" > /dev/null\nif [ $? != 0 ] ; then\n    # print error to STDERR\n    echo \"error: The sandbox is not in sync with the Podfile.lock. Run 'pod install' or update your CocoaPods installation.\" >&2\n    exit 1\nfi\n# This output is used by Xcode 'outputs' to avoid re-running this script phase.\necho \"SUCCESS\" > \"${SCRIPT_OUTPUT_FILE_0}\"\n";
			showEnvVarsInLog = 0;
		};
/* End PBXShellScriptBuildPhase section */

/* Begin PBXSourcesBuildPhase section */
		6624CA72225F87BE0016D574 /* Sources */ = {
			isa = PBXSourcesBuildPhase;
			buildActionMask = 2147483647;
			files = (
				66831347225F8EB00044CDD0 /* LearnAToZViewController.swift in Sources */,
				6624CA7C225F87BE0016D574 /* ViewController.swift in Sources */,
				6624CA7A225F87BE0016D574 /* AppDelegate.swift in Sources */,
			);
			runOnlyForDeploymentPostprocessing = 0;
		};
/* End PBXSourcesBuildPhase section */

/* Begin PBXVariantGroup section */
		6624CA7D225F87BE0016D574 /* Main.storyboard */ = {
			isa = PBXVariantGroup;
			children = (
				6624CA7E225F87BE0016D574 /* Base */,
			);
			name = Main.storyboard;
			sourceTree = "<group>";
		};
		6624CA82225F87BE0016D574 /* LaunchScreen.storyboard */ = {
			isa = PBXVariantGroup;
			children = (
				6624CA83225F87BE0016D574 /* Base */,
			);
			name = LaunchScreen.storyboard;
			sourceTree = "<group>";
		};
/* End PBXVariantGroup section */

/* Begin XCBuildConfiguration section */
		6624CA86225F87BE0016D574 /* Debug */ = {
			isa = XCBuildConfiguration;
			buildSettings = {
				ALWAYS_SEARCH_USER_PATHS = NO;
				CLANG_ANALYZER_NONNULL = YES;
				CLANG_ANALYZER_NUMBER_OBJECT_CONVERSION = YES_AGGRESSIVE;
				CLANG_CXX_LANGUAGE_STANDARD = "gnu++0x";
				CLANG_CXX_LIBRARY = "libc++";
				CLANG_ENABLE_MODULES = YES;
				CLANG_ENABLE_OBJC_ARC = YES;
				CLANG_WARN_BOOL_CONVERSION = YES;
				CLANG_WARN_CONSTANT_CONVERSION = YES;
				CLANG_WARN_DIRECT_OBJC_ISA_USAGE = YES_ERROR;
				CLANG_WARN_DOCUMENTATION_COMMENTS = YES;
				CLANG_WARN_EMPTY_BODY = YES;
				CLANG_WARN_ENUM_CONVERSION = YES;
				CLANG_WARN_INFINITE_RECURSION = YES;
				CLANG_WARN_INT_CONVERSION = YES;
				CLANG_WARN_OBJC_ROOT_CLASS = YES_ERROR;
				CLANG_WARN_SUSPICIOUS_MOVE = YES;
				CLANG_WARN_UNREACHABLE_CODE = YES;
				CLANG_WARN__DUPLICATE_METHOD_MATCH = YES;
				"CODE_SIGN_IDENTITY[sdk=iphoneos*]" = "iPhone Developer";
				COPY_PHASE_STRIP = NO;
				DEBUG_INFORMATION_FORMAT = dwarf;
				ENABLE_STRICT_OBJC_MSGSEND = YES;
				ENABLE_TESTABILITY = YES;
				GCC_C_LANGUAGE_STANDARD = gnu99;
				GCC_DYNAMIC_NO_PIC = NO;
				GCC_NO_COMMON_BLOCKS = YES;
				GCC_OPTIMIZATION_LEVEL = 0;
				GCC_PREPROCESSOR_DEFINITIONS = (
					"DEBUG=1",
					"$(inherited)",
				);
				GCC_WARN_64_TO_32_BIT_CONVERSION = YES;
				GCC_WARN_ABOUT_RETURN_TYPE = YES_ERROR;
				GCC_WARN_UNDECLARED_SELECTOR = YES;
				GCC_WARN_UNINITIALIZED_AUTOS = YES_AGGRESSIVE;
				GCC_WARN_UNUSED_FUNCTION = YES;
				GCC_WARN_UNUSED_VARIABLE = YES;
				IPHONEOS_DEPLOYMENT_TARGET = 10.3;
				MTL_ENABLE_DEBUG_INFO = YES;
				ONLY_ACTIVE_ARCH = YES;
				SDKROOT = iphoneos;
				SWIFT_ACTIVE_COMPILATION_CONDITIONS = DEBUG;
				SWIFT_OPTIMIZATION_LEVEL = "-Onone";
				TARGETED_DEVICE_FAMILY = "1,2";
			};
			name = Debug;
		};
		6624CA87225F87BE0016D574 /* Release */ = {
			isa = XCBuildConfiguration;
			buildSettings = {
				ALWAYS_SEARCH_USER_PATHS = NO;
				CLANG_ANALYZER_NONNULL = YES;
				CLANG_ANALYZER_NUMBER_OBJECT_CONVERSION = YES_AGGRESSIVE;
				CLANG_CXX_LANGUAGE_STANDARD = "gnu++0x";
				CLANG_CXX_LIBRARY = "libc++";
				CLANG_ENABLE_MODULES = YES;
				CLANG_ENABLE_OBJC_ARC = YES;
				CLANG_WARN_BOOL_CONVERSION = YES;
				CLANG_WARN_CONSTANT_CONVERSION = YES;
				CLANG_WARN_DIRECT_OBJC_ISA_USAGE = YES_ERROR;
				CLANG_WARN_DOCUMENTATION_COMMENTS = YES;
				CLANG_WARN_EMPTY_BODY = YES;
				CLANG_WARN_ENUM_CONVERSION = YES;
				CLANG_WARN_INFINITE_RECURSION = YES;
				CLANG_WARN_INT_CONVERSION = YES;
				CLANG_WARN_OBJC_ROOT_CLASS = YES_ERROR;
				CLANG_WARN_SUSPICIOUS_MOVE = YES;
				CLANG_WARN_UNREACHABLE_CODE = YES;
				CLANG_WARN__DUPLICATE_METHOD_MATCH = YES;
				"CODE_SIGN_IDENTITY[sdk=iphoneos*]" = "iPhone Developer";
				COPY_PHASE_STRIP = NO;
				DEBUG_INFORMATION_FORMAT = "dwarf-with-dsym";
				ENABLE_NS_ASSERTIONS = NO;
				ENABLE_STRICT_OBJC_MSGSEND = YES;
				GCC_C_LANGUAGE_STANDARD = gnu99;
				GCC_NO_COMMON_BLOCKS = YES;
				GCC_WARN_64_TO_32_BIT_CONVERSION = YES;
				GCC_WARN_ABOUT_RETURN_TYPE = YES_ERROR;
				GCC_WARN_UNDECLARED_SELECTOR = YES;
				GCC_WARN_UNINITIALIZED_AUTOS = YES_AGGRESSIVE;
				GCC_WARN_UNUSED_FUNCTION = YES;
				GCC_WARN_UNUSED_VARIABLE = YES;
				IPHONEOS_DEPLOYMENT_TARGET = 10.3;
				MTL_ENABLE_DEBUG_INFO = NO;
				SDKROOT = iphoneos;
				SWIFT_OPTIMIZATION_LEVEL = "-Owholemodule";
				TARGETED_DEVICE_FAMILY = "1,2";
				VALIDATE_PRODUCT = YES;
			};
			name = Release;
		};
		6624CA89225F87BE0016D574 /* Debug */ = {
			isa = XCBuildConfiguration;
			baseConfigurationReference = 24112DFEDE129091B9676122 /* Pods-A2ZLearn.debug.xcconfig */;
			buildSettings = {
				ASSETCATALOG_COMPILER_APPICON_NAME = AppIcon;
				DEVELOPMENT_TEAM = YRW658NCVU;
				INFOPLIST_FILE = A2ZLearn/Info.plist;
				LD_RUNPATH_SEARCH_PATHS = "$(inherited) @executable_path/Frameworks";
				PRODUCT_BUNDLE_IDENTIFIER = com.test.Constraint.A2ZLearn;
				PRODUCT_NAME = "$(TARGET_NAME)";
				SWIFT_VERSION = 3.0;
			};
			name = Debug;
		};
		6624CA8A225F87BE0016D574 /* Release */ = {
			isa = XCBuildConfiguration;
			baseConfigurationReference = 1FA008D35DA13AB38957613C /* Pods-A2ZLearn.release.xcconfig */;
			buildSettings = {
				ASSETCATALOG_COMPILER_APPICON_NAME = AppIcon;
				DEVELOPMENT_TEAM = YRW658NCVU;
				INFOPLIST_FILE = A2ZLearn/Info.plist;
				LD_RUNPATH_SEARCH_PATHS = "$(inherited) @executable_path/Frameworks";
				PRODUCT_BUNDLE_IDENTIFIER = com.test.Constraint.A2ZLearn;
				PRODUCT_NAME = "$(TARGET_NAME)";
				SWIFT_VERSION = 3.0;
			};
			name = Release;
		};
/* End XCBuildConfiguration section */

/* Begin XCConfigurationList section */
		6624CA71225F87BE0016D574 /* Build configuration list for PBXProject "A2ZLearn" */ = {
			isa = XCConfigurationList;
			buildConfigurations = (
				6624CA86225F87BE0016D574 /* Debug */,
				6624CA87225F87BE0016D574 /* Release */,
			);
			defaultConfigurationIsVisible = 0;
			defaultConfigurationName = Release;
		};
		6624CA88225F87BE0016D574 /* Build configuration list for PBXNativeTarget "A2ZLearn" */ = {
			isa = XCConfigurationList;
			buildConfigurations = (
				6624CA89225F87BE0016D574 /* Debug */,
				6624CA8A225F87BE0016D574 /* Release */,
			);
			defaultConfigurationIsVisible = 0;
			defaultConfigurationName = Release;
		};
/* End XCConfigurationList section */
	};
	rootObject = 6624CA6E225F87BE0016D574 /* Project object */;
}
